// !$*UTF8*$!
{
	archiveVersion = 1;
	classes = {
	};
	objectVersion = 55;
	objects = {

/* Begin PBXBuildFile section */
		47FA6B400D2203FAFFE2FDFA /* Pods_Foreign_Exchange.framework in Frameworks */ = {isa = PBXBuildFile; fileRef = 4F3AB28429DF8397AC7D0815 /* Pods_Foreign_Exchange.framework */; };
		4C31B16927E4D14B009CF389 /* Foreign_ExchangeApp.swift in Sources */ = {isa = PBXBuildFile; fileRef = 4C31B16827E4D14B009CF389 /* Foreign_ExchangeApp.swift */; };
		4C31B16B27E4D14B009CF389 /* ContentView.swift in Sources */ = {isa = PBXBuildFile; fileRef = 4C31B16A27E4D14B009CF389 /* ContentView.swift */; };
		4C31B16D27E4D150009CF389 /* Assets.xcassets in Resources */ = {isa = PBXBuildFile; fileRef = 4C31B16C27E4D150009CF389 /* Assets.xcassets */; };
		4C31B17027E4D150009CF389 /* Preview Assets.xcassets in Resources */ = {isa = PBXBuildFile; fileRef = 4C31B16F27E4D150009CF389 /* Preview Assets.xcassets */; };
		4C31B18427E4D150009CF389 /* Foreign_ExchangeUITests.swift in Sources */ = {isa = PBXBuildFile; fileRef = 4C31B18327E4D150009CF389 /* Foreign_ExchangeUITests.swift */; };
		4C31B18627E4D150009CF389 /* Foreign_ExchangeUITestsLaunchTests.swift in Sources */ = {isa = PBXBuildFile; fileRef = 4C31B18527E4D150009CF389 /* Foreign_ExchangeUITestsLaunchTests.swift */; };
		4C31B19827E76403009CF389 /* ConverterView.swift in Sources */ = {isa = PBXBuildFile; fileRef = 4C31B19627E76403009CF389 /* ConverterView.swift */; };
		4C31B19927E76403009CF389 /* HistoryView.swift in Sources */ = {isa = PBXBuildFile; fileRef = 4C31B19727E76403009CF389 /* HistoryView.swift */; };
		4C31B19B27E764E9009CF389 /* ConverterViewModel.swift in Sources */ = {isa = PBXBuildFile; fileRef = 4C31B19A27E764E9009CF389 /* ConverterViewModel.swift */; };
		4C31B19D27E767E1009CF389 /* ApiClient.swift in Sources */ = {isa = PBXBuildFile; fileRef = 4C31B19C27E767E1009CF389 /* ApiClient.swift */; };
		4C31B19F27E7682D009CF389 /* FixerApi.swift in Sources */ = {isa = PBXBuildFile; fileRef = 4C31B19E27E7682D009CF389 /* FixerApi.swift */; };
		4C69421227E8797600130A91 /* DependencyInjection.swift in Sources */ = {isa = PBXBuildFile; fileRef = 4C69421127E8797600130A91 /* DependencyInjection.swift */; };
		4C69421527E8C0DC00130A91 /* HistoryViewModel.swift in Sources */ = {isa = PBXBuildFile; fileRef = 4C69421427E8C0DC00130A91 /* HistoryViewModel.swift */; };
		4C69421A27E9F1F000130A91 /* HistoryViewModelTest.swift in Sources */ = {isa = PBXBuildFile; fileRef = 4C69421927E9F1F000130A91 /* HistoryViewModelTest.swift */; };
		4C69421B27EB1EAE00130A91 /* FixerApiMock.swift in Sources */ = {isa = PBXBuildFile; fileRef = 4C69421627E9F05800130A91 /* FixerApiMock.swift */; };
		4EF18B8E400537AAC68F9519 /* Pods_Foreign_ExchangeTests.framework in Frameworks */ = {isa = PBXBuildFile; fileRef = 902194253885E75BED102953 /* Pods_Foreign_ExchangeTests.framework */; };
		93168FF2401D5761542FCFFB /* Pods_Foreign_Exchange_Foreign_ExchangeUITests.framework in Frameworks */ = {isa = PBXBuildFile; fileRef = 4C3DAD996D41F2761968E78F /* Pods_Foreign_Exchange_Foreign_ExchangeUITests.framework */; };
/* End PBXBuildFile section */

/* Begin PBXContainerItemProxy section */
		4C31B17627E4D150009CF389 /* PBXContainerItemProxy */ = {
			isa = PBXContainerItemProxy;
			containerPortal = 4C31B15D27E4D14B009CF389 /* Project object */;
			proxyType = 1;
			remoteGlobalIDString = 4C31B16427E4D14B009CF389;
			remoteInfo = "Foreign Exchange";
		};
		4C31B18027E4D150009CF389 /* PBXContainerItemProxy */ = {
			isa = PBXContainerItemProxy;
			containerPortal = 4C31B15D27E4D14B009CF389 /* Project object */;
			proxyType = 1;
			remoteGlobalIDString = 4C31B16427E4D14B009CF389;
			remoteInfo = "Foreign Exchange";
		};
/* End PBXContainerItemProxy section */

/* Begin PBXFileReference section */
		038A0CAFD9547155598F8333 /* Pods-Foreign Exchange-Foreign ExchangeUITests.debug.xcconfig */ = {isa = PBXFileReference; includeInIndex = 1; lastKnownFileType = text.xcconfig; name = "Pods-Foreign Exchange-Foreign ExchangeUITests.debug.xcconfig"; path = "Target Support Files/Pods-Foreign Exchange-Foreign ExchangeUITests/Pods-Foreign Exchange-Foreign ExchangeUITests.debug.xcconfig"; sourceTree = "<group>"; };
		42F30347073C4A96612DE320 /* Pods-Foreign Exchange.debug.xcconfig */ = {isa = PBXFileReference; includeInIndex = 1; lastKnownFileType = text.xcconfig; name = "Pods-Foreign Exchange.debug.xcconfig"; path = "Target Support Files/Pods-Foreign Exchange/Pods-Foreign Exchange.debug.xcconfig"; sourceTree = "<group>"; };
		490B179ACBA9212E065B56A3 /* Pods-Foreign Exchange.release.xcconfig */ = {isa = PBXFileReference; includeInIndex = 1; lastKnownFileType = text.xcconfig; name = "Pods-Foreign Exchange.release.xcconfig"; path = "Target Support Files/Pods-Foreign Exchange/Pods-Foreign Exchange.release.xcconfig"; sourceTree = "<group>"; };
		4C31B16527E4D14B009CF389 /* Foreign Exchange.app */ = {isa = PBXFileReference; explicitFileType = wrapper.application; includeInIndex = 0; path = "Foreign Exchange.app"; sourceTree = BUILT_PRODUCTS_DIR; };
		4C31B16827E4D14B009CF389 /* Foreign_ExchangeApp.swift */ = {isa = PBXFileReference; lastKnownFileType = sourcecode.swift; path = Foreign_ExchangeApp.swift; sourceTree = "<group>"; };
		4C31B16A27E4D14B009CF389 /* ContentView.swift */ = {isa = PBXFileReference; lastKnownFileType = sourcecode.swift; path = ContentView.swift; sourceTree = "<group>"; };
		4C31B16C27E4D150009CF389 /* Assets.xcassets */ = {isa = PBXFileReference; lastKnownFileType = folder.assetcatalog; path = Assets.xcassets; sourceTree = "<group>"; };
		4C31B16F27E4D150009CF389 /* Preview Assets.xcassets */ = {isa = PBXFileReference; lastKnownFileType = folder.assetcatalog; path = "Preview Assets.xcassets"; sourceTree = "<group>"; };
		4C31B17527E4D150009CF389 /* Foreign ExchangeTests.xctest */ = {isa = PBXFileReference; explicitFileType = wrapper.cfbundle; includeInIndex = 0; path = "Foreign ExchangeTests.xctest"; sourceTree = BUILT_PRODUCTS_DIR; };
		4C31B17F27E4D150009CF389 /* Foreign ExchangeUITests.xctest */ = {isa = PBXFileReference; explicitFileType = wrapper.cfbundle; includeInIndex = 0; path = "Foreign ExchangeUITests.xctest"; sourceTree = BUILT_PRODUCTS_DIR; };
		4C31B18327E4D150009CF389 /* Foreign_ExchangeUITests.swift */ = {isa = PBXFileReference; lastKnownFileType = sourcecode.swift; path = Foreign_ExchangeUITests.swift; sourceTree = "<group>"; };
		4C31B18527E4D150009CF389 /* Foreign_ExchangeUITestsLaunchTests.swift */ = {isa = PBXFileReference; lastKnownFileType = sourcecode.swift; path = Foreign_ExchangeUITestsLaunchTests.swift; sourceTree = "<group>"; };
		4C31B19627E76403009CF389 /* ConverterView.swift */ = {isa = PBXFileReference; fileEncoding = 4; lastKnownFileType = sourcecode.swift; path = ConverterView.swift; sourceTree = "<group>"; };
		4C31B19727E76403009CF389 /* HistoryView.swift */ = {isa = PBXFileReference; fileEncoding = 4; lastKnownFileType = sourcecode.swift; path = HistoryView.swift; sourceTree = "<group>"; };
		4C31B19A27E764E9009CF389 /* ConverterViewModel.swift */ = {isa = PBXFileReference; lastKnownFileType = sourcecode.swift; path = ConverterViewModel.swift; sourceTree = "<group>"; };
		4C31B19C27E767E1009CF389 /* ApiClient.swift */ = {isa = PBXFileReference; lastKnownFileType = sourcecode.swift; path = ApiClient.swift; sourceTree = "<group>"; };
		4C31B19E27E7682D009CF389 /* FixerApi.swift */ = {isa = PBXFileReference; lastKnownFileType = sourcecode.swift; path = FixerApi.swift; sourceTree = "<group>"; };
		4C3DAD996D41F2761968E78F /* Pods_Foreign_Exchange_Foreign_ExchangeUITests.framework */ = {isa = PBXFileReference; explicitFileType = wrapper.framework; includeInIndex = 0; path = Pods_Foreign_Exchange_Foreign_ExchangeUITests.framework; sourceTree = BUILT_PRODUCTS_DIR; };
		4C69421127E8797600130A91 /* DependencyInjection.swift */ = {isa = PBXFileReference; lastKnownFileType = sourcecode.swift; path = DependencyInjection.swift; sourceTree = "<group>"; };
		4C69421327E88D1200130A91 /* Foreign-Exchange-Info.plist */ = {isa = PBXFileReference; lastKnownFileType = text.plist; path = "Foreign-Exchange-Info.plist"; sourceTree = SOURCE_ROOT; };
		4C69421427E8C0DC00130A91 /* HistoryViewModel.swift */ = {isa = PBXFileReference; lastKnownFileType = sourcecode.swift; path = HistoryViewModel.swift; sourceTree = "<group>"; };
		4C69421627E9F05800130A91 /* FixerApiMock.swift */ = {isa = PBXFileReference; lastKnownFileType = sourcecode.swift; path = FixerApiMock.swift; sourceTree = "<group>"; };
		4C69421927E9F1F000130A91 /* HistoryViewModelTest.swift */ = {isa = PBXFileReference; lastKnownFileType = sourcecode.swift; path = HistoryViewModelTest.swift; sourceTree = "<group>"; };
		4F3AB28429DF8397AC7D0815 /* Pods_Foreign_Exchange.framework */ = {isa = PBXFileReference; explicitFileType = wrapper.framework; includeInIndex = 0; path = Pods_Foreign_Exchange.framework; sourceTree = BUILT_PRODUCTS_DIR; };
		707178C532E10A73B57FA109 /* Pods-Foreign ExchangeTests.debug.xcconfig */ = {isa = PBXFileReference; includeInIndex = 1; lastKnownFileType = text.xcconfig; name = "Pods-Foreign ExchangeTests.debug.xcconfig"; path = "Target Support Files/Pods-Foreign ExchangeTests/Pods-Foreign ExchangeTests.debug.xcconfig"; sourceTree = "<group>"; };
		7C0B80AB3AEDF70621BA843C /* Pods-Foreign Exchange-Foreign ExchangeUITests.release.xcconfig */ = {isa = PBXFileReference; includeInIndex = 1; lastKnownFileType = text.xcconfig; name = "Pods-Foreign Exchange-Foreign ExchangeUITests.release.xcconfig"; path = "Target Support Files/Pods-Foreign Exchange-Foreign ExchangeUITests/Pods-Foreign Exchange-Foreign ExchangeUITests.release.xcconfig"; sourceTree = "<group>"; };
		902194253885E75BED102953 /* Pods_Foreign_ExchangeTests.framework */ = {isa = PBXFileReference; explicitFileType = wrapper.framework; includeInIndex = 0; path = Pods_Foreign_ExchangeTests.framework; sourceTree = BUILT_PRODUCTS_DIR; };
		CD768FE48DE90DEB5EB7B1F9 /* Pods-Foreign ExchangeTests.release.xcconfig */ = {isa = PBXFileReference; includeInIndex = 1; lastKnownFileType = text.xcconfig; name = "Pods-Foreign ExchangeTests.release.xcconfig"; path = "Target Support Files/Pods-Foreign ExchangeTests/Pods-Foreign ExchangeTests.release.xcconfig"; sourceTree = "<group>"; };
/* End PBXFileReference section */

/* Begin PBXFrameworksBuildPhase section */
		4C31B16227E4D14B009CF389 /* Frameworks */ = {
			isa = PBXFrameworksBuildPhase;
			buildActionMask = 2147483647;
			files = (
				47FA6B400D2203FAFFE2FDFA /* Pods_Foreign_Exchange.framework in Frameworks */,
			);
			runOnlyForDeploymentPostprocessing = 0;
		};
		4C31B17227E4D150009CF389 /* Frameworks */ = {
			isa = PBXFrameworksBuildPhase;
			buildActionMask = 2147483647;
			files = (
				4EF18B8E400537AAC68F9519 /* Pods_Foreign_ExchangeTests.framework in Frameworks */,
			);
			runOnlyForDeploymentPostprocessing = 0;
		};
		4C31B17C27E4D150009CF389 /* Frameworks */ = {
			isa = PBXFrameworksBuildPhase;
			buildActionMask = 2147483647;
			files = (
				93168FF2401D5761542FCFFB /* Pods_Foreign_Exchange_Foreign_ExchangeUITests.framework in Frameworks */,
			);
			runOnlyForDeploymentPostprocessing = 0;
		};
/* End PBXFrameworksBuildPhase section */

/* Begin PBXGroup section */
		4C31B15C27E4D14B009CF389 = {
			isa = PBXGroup;
			children = (
				4C31B16727E4D14B009CF389 /* Foreign Exchange */,
				4C31B17827E4D150009CF389 /* Foreign ExchangeTests */,
				4C31B18227E4D150009CF389 /* Foreign ExchangeUITests */,
				4C31B16627E4D14B009CF389 /* Products */,
				B26A7EF52AC9052B118A56BA /* Pods */,
				A224459D7E50C9A5992DEC5C /* Frameworks */,
			);
			sourceTree = "<group>";
		};
		4C31B16627E4D14B009CF389 /* Products */ = {
			isa = PBXGroup;
			children = (
				4C31B16527E4D14B009CF389 /* Foreign Exchange.app */,
				4C31B17527E4D150009CF389 /* Foreign ExchangeTests.xctest */,
				4C31B17F27E4D150009CF389 /* Foreign ExchangeUITests.xctest */,
			);
			name = Products;
			sourceTree = "<group>";
		};
		4C31B16727E4D14B009CF389 /* Foreign Exchange */ = {
			isa = PBXGroup;
			children = (
				4C69421E27EB21C500130A91 /* Api */,
				4C69421D27EB20B600130A91 /* History */,
				4C69421C27EB208900130A91 /* Converter */,
				4C69421327E88D1200130A91 /* Foreign-Exchange-Info.plist */,
				4C31B16827E4D14B009CF389 /* Foreign_ExchangeApp.swift */,
				4C31B16A27E4D14B009CF389 /* ContentView.swift */,
				4C31B16C27E4D150009CF389 /* Assets.xcassets */,
				4C31B16E27E4D150009CF389 /* Preview Content */,
				4C69421127E8797600130A91 /* DependencyInjection.swift */,
			);
			path = "Foreign Exchange";
			sourceTree = "<group>";
		};
		4C31B16E27E4D150009CF389 /* Preview Content */ = {
			isa = PBXGroup;
			children = (
				4C69421627E9F05800130A91 /* FixerApiMock.swift */,
				4C31B16F27E4D150009CF389 /* Preview Assets.xcassets */,
			);
			path = "Preview Content";
			sourceTree = "<group>";
		};
		4C31B17827E4D150009CF389 /* Foreign ExchangeTests */ = {
			isa = PBXGroup;
			children = (
				4C69421927E9F1F000130A91 /* HistoryViewModelTest.swift */,
			);
			path = "Foreign ExchangeTests";
			sourceTree = "<group>";
		};
		4C31B18227E4D150009CF389 /* Foreign ExchangeUITests */ = {
			isa = PBXGroup;
			children = (
				4C31B18327E4D150009CF389 /* Foreign_ExchangeUITests.swift */,
				4C31B18527E4D150009CF389 /* Foreign_ExchangeUITestsLaunchTests.swift */,
			);
			path = "Foreign ExchangeUITests";
			sourceTree = "<group>";
		};
		4C69421C27EB208900130A91 /* Converter */ = {
			isa = PBXGroup;
			children = (
				4C31B19A27E764E9009CF389 /* ConverterViewModel.swift */,
				4C31B19627E76403009CF389 /* ConverterView.swift */,
			);
			path = Converter;
			sourceTree = "<group>";
		};
		4C69421D27EB20B600130A91 /* History */ = {
			isa = PBXGroup;
			children = (
				4C31B19727E76403009CF389 /* HistoryView.swift */,
				4C69421427E8C0DC00130A91 /* HistoryViewModel.swift */,
			);
			path = History;
			sourceTree = "<group>";
		};
		4C69421E27EB21C500130A91 /* Api */ = {
			isa = PBXGroup;
			children = (
				4C31B19C27E767E1009CF389 /* ApiClient.swift */,
				4C31B19E27E7682D009CF389 /* FixerApi.swift */,
			);
			path = Api;
			sourceTree = "<group>";
		};
		A224459D7E50C9A5992DEC5C /* Frameworks */ = {
			isa = PBXGroup;
			children = (
				4F3AB28429DF8397AC7D0815 /* Pods_Foreign_Exchange.framework */,
				4C3DAD996D41F2761968E78F /* Pods_Foreign_Exchange_Foreign_ExchangeUITests.framework */,
				902194253885E75BED102953 /* Pods_Foreign_ExchangeTests.framework */,
			);
			name = Frameworks;
			sourceTree = "<group>";
		};
		B26A7EF52AC9052B118A56BA /* Pods */ = {
			isa = PBXGroup;
			children = (
				42F30347073C4A96612DE320 /* Pods-Foreign Exchange.debug.xcconfig */,
				490B179ACBA9212E065B56A3 /* Pods-Foreign Exchange.release.xcconfig */,
				038A0CAFD9547155598F8333 /* Pods-Foreign Exchange-Foreign ExchangeUITests.debug.xcconfig */,
				7C0B80AB3AEDF70621BA843C /* Pods-Foreign Exchange-Foreign ExchangeUITests.release.xcconfig */,
				707178C532E10A73B57FA109 /* Pods-Foreign ExchangeTests.debug.xcconfig */,
				CD768FE48DE90DEB5EB7B1F9 /* Pods-Foreign ExchangeTests.release.xcconfig */,
			);
			path = Pods;
			sourceTree = "<group>";
		};
/* End PBXGroup section */

/* Begin PBXNativeTarget section */
		4C31B16427E4D14B009CF389 /* Foreign Exchange */ = {
			isa = PBXNativeTarget;
			buildConfigurationList = 4C31B18927E4D150009CF389 /* Build configuration list for PBXNativeTarget "Foreign Exchange" */;
			buildPhases = (
				B0B0B204F03B9F03BB14E101 /* [CP] Check Pods Manifest.lock */,
				4C31B16127E4D14B009CF389 /* Sources */,
				4C31B16227E4D14B009CF389 /* Frameworks */,
				4C31B16327E4D14B009CF389 /* Resources */,
				6013A251B681580FAD7AF901 /* [CP] Embed Pods Frameworks */,
			);
			buildRules = (
			);
			dependencies = (
			);
			name = "Foreign Exchange";
			productName = "Foreign Exchange";
			productReference = 4C31B16527E4D14B009CF389 /* Foreign Exchange.app */;
			productType = "com.apple.product-type.application";
		};
		4C31B17427E4D150009CF389 /* Foreign ExchangeTests */ = {
			isa = PBXNativeTarget;
			buildConfigurationList = 4C31B18C27E4D150009CF389 /* Build configuration list for PBXNativeTarget "Foreign ExchangeTests" */;
			buildPhases = (
				07A3E54652AAA1473801FA27 /* [CP] Check Pods Manifest.lock */,
				4C31B17127E4D150009CF389 /* Sources */,
				4C31B17227E4D150009CF389 /* Frameworks */,
				4C31B17327E4D150009CF389 /* Resources */,
			);
			buildRules = (
			);
			dependencies = (
				4C31B17727E4D150009CF389 /* PBXTargetDependency */,
			);
			name = "Foreign ExchangeTests";
			productName = "Foreign ExchangeTests";
			productReference = 4C31B17527E4D150009CF389 /* Foreign ExchangeTests.xctest */;
			productType = "com.apple.product-type.bundle.unit-test";
		};
		4C31B17E27E4D150009CF389 /* Foreign ExchangeUITests */ = {
			isa = PBXNativeTarget;
			buildConfigurationList = 4C31B18F27E4D150009CF389 /* Build configuration list for PBXNativeTarget "Foreign ExchangeUITests" */;
			buildPhases = (
				CC6B3AEA5B95432A673BF9EF /* [CP] Check Pods Manifest.lock */,
				4C31B17B27E4D150009CF389 /* Sources */,
				4C31B17C27E4D150009CF389 /* Frameworks */,
				4C31B17D27E4D150009CF389 /* Resources */,
				8FAD2B86C6EA3A1F1CD785B4 /* [CP] Embed Pods Frameworks */,
			);
			buildRules = (
			);
			dependencies = (
				4C31B18127E4D150009CF389 /* PBXTargetDependency */,
			);
			name = "Foreign ExchangeUITests";
			productName = "Foreign ExchangeUITests";
			productReference = 4C31B17F27E4D150009CF389 /* Foreign ExchangeUITests.xctest */;
			productType = "com.apple.product-type.bundle.ui-testing";
		};
/* End PBXNativeTarget section */

/* Begin PBXProject section */
		4C31B15D27E4D14B009CF389 /* Project object */ = {
			isa = PBXProject;
			attributes = {
				BuildIndependentTargetsInParallel = 1;
				LastSwiftUpdateCheck = 1330;
				LastUpgradeCheck = 1330;
				TargetAttributes = {
					4C31B16427E4D14B009CF389 = {
						CreatedOnToolsVersion = 13.3;
					};
					4C31B17427E4D150009CF389 = {
						CreatedOnToolsVersion = 13.3;
						TestTargetID = 4C31B16427E4D14B009CF389;
					};
					4C31B17E27E4D150009CF389 = {
						CreatedOnToolsVersion = 13.3;
						TestTargetID = 4C31B16427E4D14B009CF389;
					};
				};
			};
			buildConfigurationList = 4C31B16027E4D14B009CF389 /* Build configuration list for PBXProject "Foreign Exchange" */;
			compatibilityVersion = "Xcode 13.0";
			developmentRegion = en;
			hasScannedForEncodings = 0;
			knownRegions = (
				en,
				Base,
			);
			mainGroup = 4C31B15C27E4D14B009CF389;
			productRefGroup = 4C31B16627E4D14B009CF389 /* Products */;
			projectDirPath = "";
			projectRoot = "";
			targets = (
				4C31B16427E4D14B009CF389 /* Foreign Exchange */,
				4C31B17427E4D150009CF389 /* Foreign ExchangeTests */,
				4C31B17E27E4D150009CF389 /* Foreign ExchangeUITests */,
			);
		};
/* End PBXProject section */

/* Begin PBXResourcesBuildPhase section */
		4C31B16327E4D14B009CF389 /* Resources */ = {
			isa = PBXResourcesBuildPhase;
			buildActionMask = 2147483647;
			files = (
				4C31B17027E4D150009CF389 /* Preview Assets.xcassets in Resources */,
				4C31B16D27E4D150009CF389 /* Assets.xcassets in Resources */,
			);
			runOnlyForDeploymentPostprocessing = 0;
		};
		4C31B17327E4D150009CF389 /* Resources */ = {
			isa = PBXResourcesBuildPhase;
			buildActionMask = 2147483647;
			files = (
			);
			runOnlyForDeploymentPostprocessing = 0;
		};
		4C31B17D27E4D150009CF389 /* Resources */ = {
			isa = PBXResourcesBuildPhase;
			buildActionMask = 2147483647;
			files = (
			);
			runOnlyForDeploymentPostprocessing = 0;
		};
/* End PBXResourcesBuildPhase section */

/* Begin PBXShellScriptBuildPhase section */
		07A3E54652AAA1473801FA27 /* [CP] Check Pods Manifest.lock */ = {
			isa = PBXShellScriptBuildPhase;
			buildActionMask = 2147483647;
			files = (
			);
			inputFileListPaths = (
			);
			inputPaths = (
				"${PODS_PODFILE_DIR_PATH}/Podfile.lock",
				"${PODS_ROOT}/Manifest.lock",
			);
			name = "[CP] Check Pods Manifest.lock";
			outputFileListPaths = (
			);
			outputPaths = (
				"$(DERIVED_FILE_DIR)/Pods-Foreign ExchangeTests-checkManifestLockResult.txt",
			);
			runOnlyForDeploymentPostprocessing = 0;
			shellPath = /bin/sh;
			shellScript = "diff \"${PODS_PODFILE_DIR_PATH}/Podfile.lock\" \"${PODS_ROOT}/Manifest.lock\" > /dev/null\nif [ $? != 0 ] ; then\n    # print error to STDERR\n    echo \"error: The sandbox is not in sync with the Podfile.lock. Run 'pod install' or update your CocoaPods installation.\" >&2\n    exit 1\nfi\n# This output is used by Xcode 'outputs' to avoid re-running this script phase.\necho \"SUCCESS\" > \"${SCRIPT_OUTPUT_FILE_0}\"\n";
			showEnvVarsInLog = 0;
		};
		6013A251B681580FAD7AF901 /* [CP] Embed Pods Frameworks */ = {
			isa = PBXShellScriptBuildPhase;
			buildActionMask = 2147483647;
			files = (
			);
			inputFileListPaths = (
				"${PODS_ROOT}/Target Support Files/Pods-Foreign Exchange/Pods-Foreign Exchange-frameworks-${CONFIGURATION}-input-files.xcfilelist",
			);
			name = "[CP] Embed Pods Frameworks";
			outputFileListPaths = (
				"${PODS_ROOT}/Target Support Files/Pods-Foreign Exchange/Pods-Foreign Exchange-frameworks-${CONFIGURATION}-output-files.xcfilelist",
			);
			runOnlyForDeploymentPostprocessing = 0;
			shellPath = /bin/sh;
			shellScript = "\"${PODS_ROOT}/Target Support Files/Pods-Foreign Exchange/Pods-Foreign Exchange-frameworks.sh\"\n";
			showEnvVarsInLog = 0;
		};
		8FAD2B86C6EA3A1F1CD785B4 /* [CP] Embed Pods Frameworks */ = {
			isa = PBXShellScriptBuildPhase;
			buildActionMask = 2147483647;
			files = (
			);
			inputFileListPaths = (
				"${PODS_ROOT}/Target Support Files/Pods-Foreign Exchange-Foreign ExchangeUITests/Pods-Foreign Exchange-Foreign ExchangeUITests-frameworks-${CONFIGURATION}-input-files.xcfilelist",
			);
			name = "[CP] Embed Pods Frameworks";
			outputFileListPaths = (
				"${PODS_ROOT}/Target Support Files/Pods-Foreign Exchange-Foreign ExchangeUITests/Pods-Foreign Exchange-Foreign ExchangeUITests-frameworks-${CONFIGURATION}-output-files.xcfilelist",
			);
			runOnlyForDeploymentPostprocessing = 0;
			shellPath = /bin/sh;
			shellScript = "\"${PODS_ROOT}/Target Support Files/Pods-Foreign Exchange-Foreign ExchangeUITests/Pods-Foreign Exchange-Foreign ExchangeUITests-frameworks.sh\"\n";
			showEnvVarsInLog = 0;
		};
		B0B0B204F03B9F03BB14E101 /* [CP] Check Pods Manifest.lock */ = {
			isa = PBXShellScriptBuildPhase;
			buildActionMask = 2147483647;
			files = (
			);
			inputFileListPaths = (
			);
			inputPaths = (
				"${PODS_PODFILE_DIR_PATH}/Podfile.lock",
				"${PODS_ROOT}/Manifest.lock",
			);
			name = "[CP] Check Pods Manifest.lock";
			outputFileListPaths = (
			);
			outputPaths = (
				"$(DERIVED_FILE_DIR)/Pods-Foreign Exchange-checkManifestLockResult.txt",
			);
			runOnlyForDeploymentPostprocessing = 0;
			shellPath = /bin/sh;
			shellScript = "diff \"${PODS_PODFILE_DIR_PATH}/Podfile.lock\" \"${PODS_ROOT}/Manifest.lock\" > /dev/null\nif [ $? != 0 ] ; then\n    # print error to STDERR\n    echo \"error: The sandbox is not in sync with the Podfile.lock. Run 'pod install' or update your CocoaPods installation.\" >&2\n    exit 1\nfi\n# This output is used by Xcode 'outputs' to avoid re-running this script phase.\necho \"SUCCESS\" > \"${SCRIPT_OUTPUT_FILE_0}\"\n";
			showEnvVarsInLog = 0;
		};
		CC6B3AEA5B95432A673BF9EF /* [CP] Check Pods Manifest.lock */ = {
			isa = PBXShellScriptBuildPhase;
			buildActionMask = 2147483647;
			files = (
			);
			inputFileListPaths = (
			);
			inputPaths = (
				"${PODS_PODFILE_DIR_PATH}/Podfile.lock",
				"${PODS_ROOT}/Manifest.lock",
			);
			name = "[CP] Check Pods Manifest.lock";
			outputFileListPaths = (
			);
			outputPaths = (
				"$(DERIVED_FILE_DIR)/Pods-Foreign Exchange-Foreign ExchangeUITests-checkManifestLockResult.txt",
			);
			runOnlyForDeploymentPostprocessing = 0;
			shellPath = /bin/sh;
			shellScript = "diff \"${PODS_PODFILE_DIR_PATH}/Podfile.lock\" \"${PODS_ROOT}/Manifest.lock\" > /dev/null\nif [ $? != 0 ] ; then\n    # print error to STDERR\n    echo \"error: The sandbox is not in sync with the Podfile.lock. Run 'pod install' or update your CocoaPods installation.\" >&2\n    exit 1\nfi\n# This output is used by Xcode 'outputs' to avoid re-running this script phase.\necho \"SUCCESS\" > \"${SCRIPT_OUTPUT_FILE_0}\"\n";
			showEnvVarsInLog = 0;
		};
/* End PBXShellScriptBuildPhase section */

/* Begin PBXSourcesBuildPhase section */
		4C31B16127E4D14B009CF389 /* Sources */ = {
			isa = PBXSourcesBuildPhase;
			buildActionMask = 2147483647;
			files = (
				4C31B19827E76403009CF389 /* ConverterView.swift in Sources */,
				4C31B19F27E7682D009CF389 /* FixerApi.swift in Sources */,
				4C31B19927E76403009CF389 /* HistoryView.swift in Sources */,
				4C69421B27EB1EAE00130A91 /* FixerApiMock.swift in Sources */,
				4C69421527E8C0DC00130A91 /* HistoryViewModel.swift in Sources */,
				4C31B16B27E4D14B009CF389 /* ContentView.swift in Sources */,
				4C31B19B27E764E9009CF389 /* ConverterViewModel.swift in Sources */,
				4C31B16927E4D14B009CF389 /* Foreign_ExchangeApp.swift in Sources */,
				4C69421227E8797600130A91 /* DependencyInjection.swift in Sources */,
				4C31B19D27E767E1009CF389 /* ApiClient.swift in Sources */,
			);
			runOnlyForDeploymentPostprocessing = 0;
		};
		4C31B17127E4D150009CF389 /* Sources */ = {
			isa = PBXSourcesBuildPhase;
			buildActionMask = 2147483647;
			files = (
				4C69421A27E9F1F000130A91 /* HistoryViewModelTest.swift in Sources */,
			);
			runOnlyForDeploymentPostprocessing = 0;
		};
		4C31B17B27E4D150009CF389 /* Sources */ = {
			isa = PBXSourcesBuildPhase;
			buildActionMask = 2147483647;
			files = (
				4C31B18627E4D150009CF389 /* Foreign_ExchangeUITestsLaunchTests.swift in Sources */,
				4C31B18427E4D150009CF389 /* Foreign_ExchangeUITests.swift in Sources */,
			);
			runOnlyForDeploymentPostprocessing = 0;
		};
/* End PBXSourcesBuildPhase section */

/* Begin PBXTargetDependency section */
		4C31B17727E4D150009CF389 /* PBXTargetDependency */ = {
			isa = PBXTargetDependency;
			target = 4C31B16427E4D14B009CF389 /* Foreign Exchange */;
			targetProxy = 4C31B17627E4D150009CF389 /* PBXContainerItemProxy */;
		};
		4C31B18127E4D150009CF389 /* PBXTargetDependency */ = {
			isa = PBXTargetDependency;
			target = 4C31B16427E4D14B009CF389 /* Foreign Exchange */;
			targetProxy = 4C31B18027E4D150009CF389 /* PBXContainerItemProxy */;
		};
/* End PBXTargetDependency section */

/* Begin XCBuildConfiguration section */
		4C31B18727E4D150009CF389 /* Debug */ = {
			isa = XCBuildConfiguration;
			buildSettings = {
				ALWAYS_SEARCH_USER_PATHS = NO;
				CLANG_ANALYZER_NONNULL = YES;
				CLANG_ANALYZER_NUMBER_OBJECT_CONVERSION = YES_AGGRESSIVE;
				CLANG_CXX_LANGUAGE_STANDARD = "gnu++17";
				CLANG_ENABLE_MODULES = YES;
				CLANG_ENABLE_OBJC_ARC = YES;
				CLANG_ENABLE_OBJC_WEAK = YES;
				CLANG_WARN_BLOCK_CAPTURE_AUTORELEASING = YES;
				CLANG_WARN_BOOL_CONVERSION = YES;
				CLANG_WARN_COMMA = YES;
				CLANG_WARN_CONSTANT_CONVERSION = YES;
				CLANG_WARN_DEPRECATED_OBJC_IMPLEMENTATIONS = YES;
				CLANG_WARN_DIRECT_OBJC_ISA_USAGE = YES_ERROR;
				CLANG_WARN_DOCUMENTATION_COMMENTS = YES;
				CLANG_WARN_EMPTY_BODY = YES;
				CLANG_WARN_ENUM_CONVERSION = YES;
				CLANG_WARN_INFINITE_RECURSION = YES;
				CLANG_WARN_INT_CONVERSION = YES;
				CLANG_WARN_NON_LITERAL_NULL_CONVERSION = YES;
				CLANG_WARN_OBJC_IMPLICIT_RETAIN_SELF = YES;
				CLANG_WARN_OBJC_LITERAL_CONVERSION = YES;
				CLANG_WARN_OBJC_ROOT_CLASS = YES_ERROR;
				CLANG_WARN_QUOTED_INCLUDE_IN_FRAMEWORK_HEADER = YES;
				CLANG_WARN_RANGE_LOOP_ANALYSIS = YES;
				CLANG_WARN_STRICT_PROTOTYPES = YES;
				CLANG_WARN_SUSPICIOUS_MOVE = YES;
				CLANG_WARN_UNGUARDED_AVAILABILITY = YES_AGGRESSIVE;
				CLANG_WARN_UNREACHABLE_CODE = YES;
				CLANG_WARN__DUPLICATE_METHOD_MATCH = YES;
				COPY_PHASE_STRIP = NO;
				DEBUG_INFORMATION_FORMAT = dwarf;
				ENABLE_STRICT_OBJC_MSGSEND = YES;
				ENABLE_TESTABILITY = YES;
				GCC_C_LANGUAGE_STANDARD = gnu11;
				GCC_DYNAMIC_NO_PIC = NO;
				GCC_NO_COMMON_BLOCKS = YES;
				GCC_OPTIMIZATION_LEVEL = 0;
				GCC_PREPROCESSOR_DEFINITIONS = (
					"DEBUG=1",
					"$(inherited)",
				);
				GCC_WARN_64_TO_32_BIT_CONVERSION = YES;
				GCC_WARN_ABOUT_RETURN_TYPE = YES_ERROR;
				GCC_WARN_UNDECLARED_SELECTOR = YES;
				GCC_WARN_UNINITIALIZED_AUTOS = YES_AGGRESSIVE;
				GCC_WARN_UNUSED_FUNCTION = YES;
				GCC_WARN_UNUSED_VARIABLE = YES;
				IPHONEOS_DEPLOYMENT_TARGET = 15.4;
				MTL_ENABLE_DEBUG_INFO = INCLUDE_SOURCE;
				MTL_FAST_MATH = YES;
				ONLY_ACTIVE_ARCH = YES;
				SDKROOT = iphoneos;
				SWIFT_ACTIVE_COMPILATION_CONDITIONS = DEBUG;
				SWIFT_OPTIMIZATION_LEVEL = "-Onone";
			};
			name = Debug;
		};
		4C31B18827E4D150009CF389 /* Release */ = {
			isa = XCBuildConfiguration;
			buildSettings = {
				ALWAYS_SEARCH_USER_PATHS = NO;
				CLANG_ANALYZER_NONNULL = YES;
				CLANG_ANALYZER_NUMBER_OBJECT_CONVERSION = YES_AGGRESSIVE;
				CLANG_CXX_LANGUAGE_STANDARD = "gnu++17";
				CLANG_ENABLE_MODULES = YES;
				CLANG_ENABLE_OBJC_ARC = YES;
				CLANG_ENABLE_OBJC_WEAK = YES;
				CLANG_WARN_BLOCK_CAPTURE_AUTORELEASING = YES;
				CLANG_WARN_BOOL_CONVERSION = YES;
				CLANG_WARN_COMMA = YES;
				CLANG_WARN_CONSTANT_CONVERSION = YES;
				CLANG_WARN_DEPRECATED_OBJC_IMPLEMENTATIONS = YES;
				CLANG_WARN_DIRECT_OBJC_ISA_USAGE = YES_ERROR;
				CLANG_WARN_DOCUMENTATION_COMMENTS = YES;
				CLANG_WARN_EMPTY_BODY = YES;
				CLANG_WARN_ENUM_CONVERSION = YES;
				CLANG_WARN_INFINITE_RECURSION = YES;
				CLANG_WARN_INT_CONVERSION = YES;
				CLANG_WARN_NON_LITERAL_NULL_CONVERSION = YES;
				CLANG_WARN_OBJC_IMPLICIT_RETAIN_SELF = YES;
				CLANG_WARN_OBJC_LITERAL_CONVERSION = YES;
				CLANG_WARN_OBJC_ROOT_CLASS = YES_ERROR;
				CLANG_WARN_QUOTED_INCLUDE_IN_FRAMEWORK_HEADER = YES;
				CLANG_WARN_RANGE_LOOP_ANALYSIS = YES;
				CLANG_WARN_STRICT_PROTOTYPES = YES;
				CLANG_WARN_SUSPICIOUS_MOVE = YES;
				CLANG_WARN_UNGUARDED_AVAILABILITY = YES_AGGRESSIVE;
				CLANG_WARN_UNREACHABLE_CODE = YES;
				CLANG_WARN__DUPLICATE_METHOD_MATCH = YES;
				COPY_PHASE_STRIP = NO;
				DEBUG_INFORMATION_FORMAT = "dwarf-with-dsym";
				ENABLE_NS_ASSERTIONS = NO;
				ENABLE_STRICT_OBJC_MSGSEND = YES;
				GCC_C_LANGUAGE_STANDARD = gnu11;
				GCC_NO_COMMON_BLOCKS = YES;
				GCC_WARN_64_TO_32_BIT_CONVERSION = YES;
				GCC_WARN_ABOUT_RETURN_TYPE = YES_ERROR;
				GCC_WARN_UNDECLARED_SELECTOR = YES;
				GCC_WARN_UNINITIALIZED_AUTOS = YES_AGGRESSIVE;
				GCC_WARN_UNUSED_FUNCTION = YES;
				GCC_WARN_UNUSED_VARIABLE = YES;
				IPHONEOS_DEPLOYMENT_TARGET = 15.4;
				MTL_ENABLE_DEBUG_INFO = NO;
				MTL_FAST_MATH = YES;
				SDKROOT = iphoneos;
				SWIFT_COMPILATION_MODE = wholemodule;
				SWIFT_OPTIMIZATION_LEVEL = "-O";
				VALIDATE_PRODUCT = YES;
			};
			name = Release;
		};
		4C31B18A27E4D150009CF389 /* Debug */ = {
			isa = XCBuildConfiguration;
			baseConfigurationReference = 42F30347073C4A96612DE320 /* Pods-Foreign Exchange.debug.xcconfig */;
			buildSettings = {
				ASSETCATALOG_COMPILER_APPICON_NAME = AppIcon;
				ASSETCATALOG_COMPILER_GLOBAL_ACCENT_COLOR_NAME = AccentColor;
				CODE_SIGN_STYLE = Automatic;
				CURRENT_PROJECT_VERSION = 1;
				DEVELOPMENT_ASSET_PATHS = "\"Foreign Exchange/Preview Content\"";
				ENABLE_PREVIEWS = YES;
				GENERATE_INFOPLIST_FILE = YES;
				INFOPLIST_FILE = "Foreign-Exchange-Info.plist";
				INFOPLIST_KEY_UIApplicationSceneManifest_Generation = YES;
				INFOPLIST_KEY_UIApplicationSupportsIndirectInputEvents = YES;
				INFOPLIST_KEY_UILaunchScreen_Generation = YES;
				INFOPLIST_KEY_UISupportedInterfaceOrientations_iPad = "UIInterfaceOrientationPortrait UIInterfaceOrientationPortraitUpsideDown UIInterfaceOrientationLandscapeLeft UIInterfaceOrientationLandscapeRight";
				INFOPLIST_KEY_UISupportedInterfaceOrientations_iPhone = "UIInterfaceOrientationPortrait UIInterfaceOrientationLandscapeLeft UIInterfaceOrientationLandscapeRight";
				LD_RUNPATH_SEARCH_PATHS = (
					"$(inherited)",
					"@executable_path/Frameworks",
				);
				MARKETING_VERSION = 1.0;
				PRODUCT_BUNDLE_IDENTIFIER = "com.example.Foreign-Exchange";
				PRODUCT_NAME = "$(TARGET_NAME)";
				SWIFT_EMIT_LOC_STRINGS = YES;
				SWIFT_VERSION = 5.0;
				TARGETED_DEVICE_FAMILY = "1,2";
			};
			name = Debug;
		};
		4C31B18B27E4D150009CF389 /* Release */ = {
			isa = XCBuildConfiguration;
			baseConfigurationReference = 490B179ACBA9212E065B56A3 /* Pods-Foreign Exchange.release.xcconfig */;
			buildSettings = {
				ASSETCATALOG_COMPILER_APPICON_NAME = AppIcon;
				ASSETCATALOG_COMPILER_GLOBAL_ACCENT_COLOR_NAME = AccentColor;
				CODE_SIGN_STYLE = Automatic;
				CURRENT_PROJECT_VERSION = 1;
				DEVELOPMENT_ASSET_PATHS = "\"Foreign Exchange/Preview Content\"";
				ENABLE_PREVIEWS = YES;
				GENERATE_INFOPLIST_FILE = YES;
				INFOPLIST_FILE = "Foreign-Exchange-Info.plist";
				INFOPLIST_KEY_UIApplicationSceneManifest_Generation = YES;
				INFOPLIST_KEY_UIApplicationSupportsIndirectInputEvents = YES;
				INFOPLIST_KEY_UILaunchScreen_Generation = YES;
				INFOPLIST_KEY_UISupportedInterfaceOrientations_iPad = "UIInterfaceOrientationPortrait UIInterfaceOrientationPortraitUpsideDown UIInterfaceOrientationLandscapeLeft UIInterfaceOrientationLandscapeRight";
				INFOPLIST_KEY_UISupportedInterfaceOrientations_iPhone = "UIInterfaceOrientationPortrait UIInterfaceOrientationLandscapeLeft UIInterfaceOrientationLandscapeRight";
				LD_RUNPATH_SEARCH_PATHS = (
					"$(inherited)",
					"@executable_path/Frameworks",
				);
				MARKETING_VERSION = 1.0;
				PRODUCT_BUNDLE_IDENTIFIER = "com.example.Foreign-Exchange";
				PRODUCT_NAME = "$(TARGET_NAME)";
				SWIFT_EMIT_LOC_STRINGS = YES;
				SWIFT_VERSION = 5.0;
				TARGETED_DEVICE_FAMILY = "1,2";
			};
			name = Release;
		};
		4C31B18D27E4D150009CF389 /* Debug */ = {
			isa = XCBuildConfiguration;
			baseConfigurationReference = 707178C532E10A73B57FA109 /* Pods-Foreign ExchangeTests.debug.xcconfig */;
			buildSettings = {
				ALWAYS_EMBED_SWIFT_STANDARD_LIBRARIES = YES;
				BUNDLE_LOADER = "$(TEST_HOST)";
				CODE_SIGN_STYLE = Automatic;
				CURRENT_PROJECT_VERSION = 1;
				GENERATE_INFOPLIST_FILE = YES;
				IPHONEOS_DEPLOYMENT_TARGET = 15.4;
				MARKETING_VERSION = 1.0;
				PRODUCT_BUNDLE_IDENTIFIER = "com.example.Foreign-ExchangeTests";
				PRODUCT_NAME = "$(TARGET_NAME)";
				SWIFT_EMIT_LOC_STRINGS = NO;
				SWIFT_VERSION = 5.0;
				TARGETED_DEVICE_FAMILY = "1,2";
				TEST_HOST = "$(BUILT_PRODUCTS_DIR)/Foreign Exchange.app/Foreign Exchange";
			};
			name = Debug;
		};
		4C31B18E27E4D150009CF389 /* Release */ = {
			isa = XCBuildConfiguration;
			baseConfigurationReference = CD768FE48DE90DEB5EB7B1F9 /* Pods-Foreign ExchangeTests.release.xcconfig */;
			buildSettings = {
				ALWAYS_EMBED_SWIFT_STANDARD_LIBRARIES = YES;
				BUNDLE_LOADER = "$(TEST_HOST)";
				CODE_SIGN_STYLE = Automatic;
				CURRENT_PROJECT_VERSION = 1;
				GENERATE_INFOPLIST_FILE = YES;
				IPHONEOS_DEPLOYMENT_TARGET = 15.4;
				MARKETING_VERSION = 1.0;
				PRODUCT_BUNDLE_IDENTIFIER = "com.example.Foreign-ExchangeTests";
				PRODUCT_NAME = "$(TARGET_NAME)";
				SWIFT_EMIT_LOC_STRINGS = NO;
				SWIFT_VERSION = 5.0;
				TARGETED_DEVICE_FAMILY = "1,2";
				TEST_HOST = "$(BUILT_PRODUCTS_DIR)/Foreign Exchange.app/Foreign Exchange";
			};
			name = Release;
		};
		4C31B19027E4D150009CF389 /* Debug */ = {
			isa = XCBuildConfiguration;
			baseConfigurationReference = 038A0CAFD9547155598F8333 /* Pods-Foreign Exchange-Foreign ExchangeUITests.debug.xcconfig */;
			buildSettings = {
				ALWAYS_EMBED_SWIFT_STANDARD_LIBRARIES = YES;
				CODE_SIGN_STYLE = Automatic;
				CURRENT_PROJECT_VERSION = 1;
				GENERATE_INFOPLIST_FILE = YES;
				MARKETING_VERSION = 1.0;
				PRODUCT_BUNDLE_IDENTIFIER = "com.example.Foreign-ExchangeUITests";
				PRODUCT_NAME = "$(TARGET_NAME)";
				SWIFT_EMIT_LOC_STRINGS = NO;
				SWIFT_VERSION = 5.0;
				TARGETED_DEVICE_FAMILY = "1,2";
				TEST_TARGET_NAME = "Foreign Exchange";
			};
			name = Debug;
		};
		4C31B19127E4D150009CF389 /* Release */ = {
			isa = XCBuildConfiguration;
			baseConfigurationReference = 7C0B80AB3AEDF70621BA843C /* Pods-Foreign Exchange-Foreign ExchangeUITests.release.xcconfig */;
			buildSettings = {
				ALWAYS_EMBED_SWIFT_STANDARD_LIBRARIES = YES;
				CODE_SIGN_STYLE = Automatic;
				CURRENT_PROJECT_VERSION = 1;
				GENERATE_INFOPLIST_FILE = YES;
				MARKETING_VERSION = 1.0;
				PRODUCT_BUNDLE_IDENTIFIER = "com.example.Foreign-ExchangeUITests";
				PRODUCT_NAME = "$(TARGET_NAME)";
				SWIFT_EMIT_LOC_STRINGS = NO;
				SWIFT_VERSION = 5.0;
				TARGETED_DEVICE_FAMILY = "1,2";
				TEST_TARGET_NAME = "Foreign Exchange";
			};
			name = Release;
		};
/* End XCBuildConfiguration section */

/* Begin XCConfigurationList section */
		4C31B16027E4D14B009CF389 /* Build configuration list for PBXProject "Foreign Exchange" */ = {
			isa = XCConfigurationList;
			buildConfigurations = (
				4C31B18727E4D150009CF389 /* Debug */,
				4C31B18827E4D150009CF389 /* Release */,
			);
			defaultConfigurationIsVisible = 0;
			defaultConfigurationName = Release;
		};
		4C31B18927E4D150009CF389 /* Build configuration list for PBXNativeTarget "Foreign Exchange" */ = {
			isa = XCConfigurationList;
			buildConfigurations = (
				4C31B18A27E4D150009CF389 /* Debug */,
				4C31B18B27E4D150009CF389 /* Release */,
			);
			defaultConfigurationIsVisible = 0;
			defaultConfigurationName = Release;
		};
		4C31B18C27E4D150009CF389 /* Build configuration list for PBXNativeTarget "Foreign ExchangeTests" */ = {
			isa = XCConfigurationList;
			buildConfigurations = (
				4C31B18D27E4D150009CF389 /* Debug */,
				4C31B18E27E4D150009CF389 /* Release */,
			);
			defaultConfigurationIsVisible = 0;
			defaultConfigurationName = Release;
		};
		4C31B18F27E4D150009CF389 /* Build configuration list for PBXNativeTarget "Foreign ExchangeUITests" */ = {
			isa = XCConfigurationList;
			buildConfigurations = (
				4C31B19027E4D150009CF389 /* Debug */,
				4C31B19127E4D150009CF389 /* Release */,
			);
			defaultConfigurationIsVisible = 0;
			defaultConfigurationName = Release;
		};
/* End XCConfigurationList section */
	};
	rootObject = 4C31B15D27E4D14B009CF389 /* Project object */;
}
